
Microsoft Visual Studio Solution File, Format Version 12.00
# Visual Studio Version 16
VisualStudioVersion = 16.0.31911.196
MinimumVisualStudioVersion = 10.0.40219.1
Project("{FAE04EC0-301F-11D3-BF4B-00C04F79EFBC}") = "Module5HW1", "Module5HW1\Module5HW1.csproj", "{5C6192BC-B522-46DF-8175-0E14327233EC}"
EndProject
Global
	GlobalSection(SolutionConfigurationPlatforms) = preSolution
		Debug|Any CPU = Debug|Any CPU
		Release|Any CPU = Release|Any CPU
	EndGlobalSection
	GlobalSection(ProjectConfigurationPlatforms) = postSolution
		{5C6192BC-B522-46DF-8175-0E14327233EC}.Debug|Any CPU.ActiveCfg = Debug|Any CPU
		{5C6192BC-B522-46DF-8175-0E14327233EC}.Debug|Any CPU.Build.0 = Debug|Any CPU
		{5C6192BC-B522-46DF-8175-0E14327233EC}.Release|Any CPU.ActiveCfg = Release|Any CPU
		{5C6192BC-B522-46DF-8175-0E14327233EC}.Release|Any CPU.Build.0 = Release|Any CPU
	EndGlobalSection
	GlobalSection(SolutionProperties) = preSolution
		HideSolutionNode = FALSE
	EndGlobalSection
	GlobalSection(ExtensibilityGlobals) = postSolution
		SolutionGuid = {B7351A7F-843F-4C3B-A354-D94976E9612C}
	EndGlobalSection
EndGlobal
